{
  "name": "homebridge-gardendoor",
  "version": "1.2.3",
  "lockfileVersion": 3,
  "requires": true,
  "packages": {
    "": {
      "name": "homebridge-gardendoor",
      "version": "1.2.3",
      "license": "MIT",
      "devDependencies": {},
      "engines": {
        "homebridge": ">=1.3.0",
        "node": ">=18"
      }
    }
  }
}
